
Microsoft Visual Studio Solution File, Format Version 12.00
# Visual Studio Version 17
VisualStudioVersion = 17.14.36310.24 d17.14
MinimumVisualStudioVersion = 10.0.40219.1
Project("{FAE04EC0-301F-11D3-BF4B-00C04F79EFBC}") = "SigmaQuest", "SigmaQuest.csproj", "{29F12EC0-E1D9-46FA-BE76-1FC76161DB49}"
EndProject
Global
	GlobalSection(SolutionConfigurationPlatforms) = preSolution
		Debug|Any CPU = Debug|Any CPU
		Release|Any CPU = Release|Any CPU
	EndGlobalSection
	GlobalSection(ProjectConfigurationPlatforms) = postSolution
		{29F12EC0-E1D9-46FA-BE76-1FC76161DB49}.Debug|Any CPU.ActiveCfg = Debug|Any CPU
		{29F12EC0-E1D9-46FA-BE76-1FC76161DB49}.Debug|Any CPU.Build.0 = Debug|Any CPU
		{29F12EC0-E1D9-46FA-BE76-1FC76161DB49}.Release|Any CPU.ActiveCfg = Release|Any CPU
		{29F12EC0-E1D9-46FA-BE76-1FC76161DB49}.Release|Any CPU.Build.0 = Release|Any CPU
	EndGlobalSection
	GlobalSection(SolutionProperties) = preSolution
		HideSolutionNode = FALSE
	EndGlobalSection
	GlobalSection(ExtensibilityGlobals) = postSolution
		SolutionGuid = {C9291AEB-EF1F-42B1-B35C-3347BDA92B00}
	EndGlobalSection
EndGlobal
